
Microsoft Visual Studio Solution File, Format Version 12.00
# Visual Studio Version 17
VisualStudioVersion = 17.0.32112.339
MinimumVisualStudioVersion = 10.0.40219.1
Project("{8BC9CEB8-8B4A-11D0-8D11-00A0C91BC942}") = "XMiLib", "Submodules\XMiLib\XMiLib\XMiLib.vcxproj", "{C2C2E08C-D1FF-4496-8D42-8DFB24AEEE66}"
EndProject
Project("{8BC9CEB8-8B4A-11D0-8D11-00A0C91BC942}") = "Beeftext", "Beeftext\Beeftext.vcxproj", "{B12702AD-ABFB-343A-A199-8E24837244A3}"
EndProject
Global
	GlobalSection(SolutionConfigurationPlatforms) = preSolution
		Debug|x64 = Debug|x64
		DebugRemote|x64 = DebugRemote|x64
		Release|x64 = Release|x64
	EndGlobalSection
	GlobalSection(ProjectConfigurationPlatforms) = postSolution
		{C2C2E08C-D1FF-4496-8D42-8DFB24AEEE66}.Debug|x64.ActiveCfg = Debug|x64
		{C2C2E08C-D1FF-4496-8D42-8DFB24AEEE66}.Debug|x64.Build.0 = Debug|x64
		{C2C2E08C-D1FF-4496-8D42-8DFB24AEEE66}.DebugRemote|x64.ActiveCfg = Debug|x64
		{C2C2E08C-D1FF-4496-8D42-8DFB24AEEE66}.DebugRemote|x64.Build.0 = Debug|x64
		{C2C2E08C-D1FF-4496-8D42-8DFB24AEEE66}.Release|x64.ActiveCfg = Release|x64
		{C2C2E08C-D1FF-4496-8D42-8DFB24AEEE66}.Release|x64.Build.0 = Release|x64
		{B12702AD-ABFB-343A-A199-8E24837244A3}.Debug|x64.ActiveCfg = Debug|x64
		{B12702AD-ABFB-343A-A199-8E24837244A3}.Debug|x64.Build.0 = Debug|x64
		{B12702AD-ABFB-343A-A199-8E24837244A3}.DebugRemote|x64.ActiveCfg = DebugRemote|x64
		{B12702AD-ABFB-343A-A199-8E24837244A3}.DebugRemote|x64.Build.0 = DebugRemote|x64
		{B12702AD-ABFB-343A-A199-8E24837244A3}.DebugRemote|x64.Deploy.0 = DebugRemote|x64
		{B12702AD-ABFB-343A-A199-8E24837244A3}.Release|x64.ActiveCfg = Release|x64
		{B12702AD-ABFB-343A-A199-8E24837244A3}.Release|x64.Build.0 = Release|x64
	EndGlobalSection
	GlobalSection(SolutionProperties) = preSolution
		HideSolutionNode = FALSE
	EndGlobalSection
	GlobalSection(ExtensibilityGlobals) = postSolution
		SolutionGuid = {6C34D44C-97E9-4375-8F51-D29779424AB7}
		Qt5Version = $(DefaultQtVersion)
	EndGlobalSection
EndGlobal
