<?xml version="1.0" encoding="utf-8"?>
<Project ToolsVersion="4.0" xmlns="http://schemas.microsoft.com/developer/msbuild/2003">
  <ItemGroup>
    <Filter Include="Resource Files">
      <UniqueIdentifier>{D9D6E242-F8AF-46E4-B9FD-80ECBC20BA3E}</UniqueIdentifier>
      <Extensions>qrc;*</Extensions>
      <ParseFiles>false</ParseFiles>
    </Filter>
    <Filter Include="Resource Files">
      <UniqueIdentifier>{D9D6E242-F8AF-46E4-B9FD-80ECBC20BA3E}</UniqueIdentifier>
      <Extensions>qrc;*</Extensions>
      <ParseFiles>false</ParseFiles>
    </Filter>
    <Filter Include="Generated Files">
      <UniqueIdentifier>{71ED8ED8-ACB9-4CE9-BBE1-E00B30144E11}</UniqueIdentifier>
      <Extensions>moc;h;cpp</Extensions>
      <SourceControlFiles>False</SourceControlFiles>
    </Filter>
    <Filter Include="Generated Files\Debug">
      <UniqueIdentifier>{dc9c4a83-9dee-4035-8539-77a971257e7c}</UniqueIdentifier>
      <Extensions>cpp;moc</Extensions>
      <SourceControlFiles>False</SourceControlFiles>
    </Filter>
    <Filter Include="Generated Files\Release">
      <UniqueIdentifier>{f6a0b2d4-4adb-4efb-bcea-f6d2c6c99514}</UniqueIdentifier>
      <Extensions>cpp;moc</Extensions>
      <SourceControlFiles>False</SourceControlFiles>
    </Filter>
    <Filter Include="Combo">
      <UniqueIdentifier>{ff7ca901-94f9-4a2f-95e9-cd3694d1306b}</UniqueIdentifier>
    </Filter>
  </ItemGroup>
  <ItemGroup>
    <ClCompile Include="GeneratedFiles\Debug\moc_MainWindow.cpp">
      <Filter>Generated Files\Debug</Filter>
    </ClCompile>
    <ClCompile Include="GeneratedFiles\Release\moc_MainWindow.cpp">
      <Filter>Generated Files\Release</Filter>
    </ClCompile>
    <ClCompile Include="GeneratedFiles\qrc_Beeftext.cpp">
      <Filter>Generated Files</Filter>
    </ClCompile>
    <ClCompile Include="stdafx.cpp" />
    <ClCompile Include="main.cpp" />
    <ClCompile Include="MainWindow.cpp" />
    <ClCompile Include="BeeftextConstants.cpp" />
    <ClCompile Include="BeeftextGlobals.cpp" />
    <ClCompile Include="GeneratedFiles\Debug\moc_InputManager.cpp">
      <Filter>Generated Files\Debug</Filter>
    </ClCompile>
    <ClCompile Include="GeneratedFiles\Release\moc_InputManager.cpp">
      <Filter>Generated Files\Release</Filter>
    </ClCompile>
    <ClCompile Include="InputManager.cpp" />
    <ClCompile Include="Combo\Combo.cpp">
      <Filter>Combo</Filter>
    </ClCompile>
    <ClCompile Include="Combo\ComboList.cpp">
      <Filter>Combo</Filter>
    </ClCompile>
    <ClCompile Include="Combo\ComboManager.cpp">
      <Filter>Combo</Filter>
    </ClCompile>
    <ClCompile Include="GeneratedFiles\Debug\moc_ComboManager.cpp">
      <Filter>Generated Files\Debug</Filter>
    </ClCompile>
    <ClCompile Include="GeneratedFiles\Release\moc_ComboManager.cpp">
      <Filter>Generated Files\Release</Filter>
    </ClCompile>
    <ClCompile Include="GeneratedFiles\Debug\moc_ComboList.cpp">
      <Filter>Generated Files\Debug</Filter>
    </ClCompile>
    <ClCompile Include="GeneratedFiles\Release\moc_ComboList.cpp">
      <Filter>Generated Files\Release</Filter>
    </ClCompile>
    <ClCompile Include="Combo\ComboDialog.cpp">
      <Filter>Combo</Filter>
    </ClCompile>
    <ClCompile Include="GeneratedFiles\Debug\moc_ComboDialog.cpp">
      <Filter>Generated Files\Debug</Filter>
    </ClCompile>
    <ClCompile Include="GeneratedFiles\Release\moc_ComboDialog.cpp">
      <Filter>Generated Files\Release</Filter>
    </ClCompile>
    <ClCompile Include="Combo\ComboTableFrame.cpp">
      <Filter>Combo</Filter>
    </ClCompile>
    <ClCompile Include="GeneratedFiles\Debug\moc_ComboTableFrame.cpp">
      <Filter>Generated Files\Debug</Filter>
    </ClCompile>
    <ClCompile Include="GeneratedFiles\Release\moc_ComboTableFrame.cpp">
      <Filter>Generated Files\Release</Filter>
    </ClCompile>
    <ClCompile Include="Combo\ComboSortFilterProxyModel.cpp">
      <Filter>Combo</Filter>
    </ClCompile>
    <ClCompile Include="GeneratedFiles\Debug\moc_ComboSortFilterProxyModel.cpp">
      <Filter>Generated Files\Debug</Filter>
    </ClCompile>
    <ClCompile Include="GeneratedFiles\Release\moc_ComboSortFilterProxyModel.cpp">
      <Filter>Generated Files\Release</Filter>
    </ClCompile>
    <ClCompile Include="Combo\ComboTextValidator.cpp">
      <Filter>Combo</Filter>
    </ClCompile>
    <ClCompile Include="PreferencesFrame.cpp" />
    <ClCompile Include="GeneratedFiles\Debug\moc_PreferencesFrame.cpp">
      <Filter>Generated Files\Debug</Filter>
    </ClCompile>
    <ClCompile Include="GeneratedFiles\Release\moc_PreferencesFrame.cpp">
      <Filter>Generated Files\Release</Filter>
    </ClCompile>
    <ClCompile Include="PreferencesManager.cpp" />
    <ClCompile Include="BeeftextUtils.cpp" />
    <ClCompile Include="GeneratedFiles\Debug\moc_AboutFrame.cpp">
      <Filter>Generated Files\Debug</Filter>
    </ClCompile>
    <ClCompile Include="GeneratedFiles\Release\moc_AboutFrame.cpp">
      <Filter>Generated Files\Release</Filter>
    </ClCompile>
    <ClCompile Include="AboutFrame.cpp" />
    <ClCompile Include="LatestVersionInfo.cpp" />
    <ClCompile Include="GeneratedFiles\Debug\moc_UpdateCheckWorker.cpp">
      <Filter>Generated Files\Debug</Filter>
    </ClCompile>
    <ClCompile Include="GeneratedFiles\Release\moc_UpdateCheckWorker.cpp">
      <Filter>Generated Files\Release</Filter>
    </ClCompile>
    <ClCompile Include="UpdateCheckWorker.cpp" />
    <ClCompile Include="UpdateDialog.cpp" />
    <ClCompile Include="GeneratedFiles\Debug\moc_UpdateDialog.cpp">
      <Filter>Generated Files\Debug</Filter>
    </ClCompile>
    <ClCompile Include="GeneratedFiles\Release\moc_UpdateDialog.cpp">
      <Filter>Generated Files\Release</Filter>
    </ClCompile>
  </ItemGroup>
  <ItemGroup>
    <ClInclude Include="GeneratedFiles\ui_MainWindow.h">
      <Filter>Generated Files</Filter>
    </ClInclude>
    <ClInclude Include="stdafx.h" />
    <ClInclude Include="BeeftextConstants.h" />
    <ClInclude Include="BeeftextGlobals.h" />
    <ClInclude Include="Combo\Combo.h">
      <Filter>Combo</Filter>
    </ClInclude>
    <ClInclude Include="GeneratedFiles\ui_ComboDialog.h">
      <Filter>Generated Files</Filter>
    </ClInclude>
    <ClInclude Include="GeneratedFiles\ui_ComboTableFrame.h">
      <Filter>Generated Files</Filter>
    </ClInclude>
    <ClInclude Include="GeneratedFiles\ui_PreferencesFrame.h">
      <Filter>Generated Files</Filter>
    </ClInclude>
    <ClInclude Include="PreferencesManager.h" />
    <ClInclude Include="BeeftextUtils.h" />
    <ClInclude Include="GeneratedFiles\ui_AboutFrame.h">
      <Filter>Generated Files</Filter>
    </ClInclude>
    <ClInclude Include="GeneratedFiles\ui_UpdateDialog.h">
      <Filter>Generated Files</Filter>
    </ClInclude>
  </ItemGroup>
  <ItemGroup>
    <CustomBuild Include="Beeftext.qrc">
      <Filter>Resource Files</Filter>
    </CustomBuild>
    <CustomBuild Include="MainWindow.ui" />
    <CustomBuild Include="MainWindow.h" />
    <CustomBuild Include="InputManager.h" />
    <CustomBuild Include="Combo\ComboManager.h">
      <Filter>Combo</Filter>
    </CustomBuild>
    <CustomBuild Include="Combo\ComboList.h">
      <Filter>Combo</Filter>
    </CustomBuild>
    <CustomBuild Include="Combo\ComboDialog.ui">
      <Filter>Combo</Filter>
    </CustomBuild>
    <CustomBuild Include="Combo\ComboDialog.h">
      <Filter>Combo</Filter>
    </CustomBuild>
    <CustomBuild Include="Combo\ComboTableFrame.ui">
      <Filter>Combo</Filter>
    </CustomBuild>
    <CustomBuild Include="Combo\ComboTableFrame.h">
      <Filter>Combo</Filter>
    </CustomBuild>
    <CustomBuild Include="Combo\ComboSortFilterProxyModel.h">
      <Filter>Combo</Filter>
    </CustomBuild>
    <CustomBuild Include="Combo\ComboTextValidator.h">
      <Filter>Combo</Filter>
    </CustomBuild>
    <CustomBuild Include="PreferencesFrame.ui" />
    <CustomBuild Include="PreferencesFrame.h" />
    <CustomBuild Include="AboutFrame.h" />
    <CustomBuild Include="AboutFrame.ui" />
    <CustomBuild Include="LatestVersionInfo.h" />
    <CustomBuild Include="UpdateCheckWorker.h" />
    <CustomBuild Include="UpdateDialog.h" />
    <CustomBuild Include="UpdateDialog.ui" />
  </ItemGroup>
  <ItemGroup>
    <ResourceCompile Include="Beeftext.rc">
      <Filter>Resource Files</Filter>
    </ResourceCompile>
  </ItemGroup>
</Project>