<?xml version="1.0" encoding="utf-8"?>
<Project ToolsVersion="4.0" xmlns="http://schemas.microsoft.com/developer/msbuild/2003">
  <ItemGroup>
    <Filter Include="Resource Files">
      <UniqueIdentifier>{D9D6E242-F8AF-46E4-B9FD-80ECBC20BA3E}</UniqueIdentifier>
      <Extensions>qrc;*</Extensions>
      <ParseFiles>false</ParseFiles>
    </Filter>
    <Filter Include="Resource Files">
      <UniqueIdentifier>{D9D6E242-F8AF-46E4-B9FD-80ECBC20BA3E}</UniqueIdentifier>
      <Extensions>qrc;*</Extensions>
      <ParseFiles>false</ParseFiles>
    </Filter>
    <Filter Include="Combo">
      <UniqueIdentifier>{ff7ca901-94f9-4a2f-95e9-cd3694d1306b}</UniqueIdentifier>
    </Filter>
    <Filter Include="Update">
      <UniqueIdentifier>{e6738d10-39d8-4924-972b-d553bd9fac42}</UniqueIdentifier>
    </Filter>
    <Filter Include="Translation Files">
      <UniqueIdentifier>{639EADAA-A684-42e4-A9AD-28FC9BCB8F7C}</UniqueIdentifier>
      <Extensions>ts</Extensions>
      <ParseFiles>false</ParseFiles>
    </Filter>
    <Filter Include="Group">
      <UniqueIdentifier>{22e92035-dcca-49b6-bd93-f8de9411a7e7}</UniqueIdentifier>
    </Filter>
    <Filter Include="Backup">
      <UniqueIdentifier>{c61e6d78-c214-49e9-9722-51e8f91c7da4}</UniqueIdentifier>
    </Filter>
    <Filter Include="Clipboard">
      <UniqueIdentifier>{f4e85ad1-7009-4c18-96da-5794e584c2c8}</UniqueIdentifier>
    </Filter>
    <Filter Include="Emoji">
      <UniqueIdentifier>{8b4ee234-8d04-4c22-a956-62adc6065b2f}</UniqueIdentifier>
    </Filter>
    <Filter Include="Picker">
      <UniqueIdentifier>{d6d6e76a-1ae3-4bed-bca2-4eff6e6f20fe}</UniqueIdentifier>
    </Filter>
    <Filter Include="LastUse">
      <UniqueIdentifier>{d7a38f0a-9561-4551-bf52-f571939cabea}</UniqueIdentifier>
    </Filter>
    <Filter Include="Preferences">
      <UniqueIdentifier>{768bd915-726b-46d5-b7ab-4a56babfdf37}</UniqueIdentifier>
    </Filter>
    <Filter Include="Dialogs">
      <UniqueIdentifier>{dbfe8783-cc29-4a54-921b-bf1a7672c90a}</UniqueIdentifier>
    </Filter>
    <Filter Include="Preferences\Panes">
      <UniqueIdentifier>{e9397032-1075-4e09-8cf7-e3bb862c68c7}</UniqueIdentifier>
    </Filter>
    <Filter Include="Snippet">
      <UniqueIdentifier>{443b388f-c32a-4358-bae0-62a516901c78}</UniqueIdentifier>
    </Filter>
  </ItemGroup>
  <ItemGroup>
    <ClCompile Include="stdafx.cpp" />
    <ClCompile Include="main.cpp" />
    <ClCompile Include="MainWindow.cpp" />
    <ClCompile Include="BeeftextConstants.cpp" />
    <ClCompile Include="BeeftextGlobals.cpp" />
    <ClCompile Include="Combo\Combo.cpp">
      <Filter>Combo</Filter>
    </ClCompile>
    <ClCompile Include="Combo\ComboList.cpp">
      <Filter>Combo</Filter>
    </ClCompile>
    <ClCompile Include="Combo\ComboManager.cpp">
      <Filter>Combo</Filter>
    </ClCompile>
    <ClCompile Include="Combo\ComboDialog.cpp">
      <Filter>Combo</Filter>
    </ClCompile>
    <ClCompile Include="Combo\ComboSortFilterProxyModel.cpp">
      <Filter>Combo</Filter>
    </ClCompile>
    <ClCompile Include="BeeftextUtils.cpp" />
    <ClCompile Include="LatestVersionInfo.cpp" />
    <ClCompile Include="Update\UpdateDialog.cpp">
      <Filter>Update</Filter>
    </ClCompile>
    <ClCompile Include="InputManager.cpp" />
    <ClCompile Include="Shortcut.cpp" />
    <ClCompile Include="Combo\ComboVariable.cpp">
      <Filter>Combo</Filter>
    </ClCompile>
    <ClCompile Include="Combo\ComboImportDialog.cpp">
      <Filter>Combo</Filter>
    </ClCompile>
    <ClCompile Include="Combo\ComboKeywordValidator.cpp">
      <Filter>Combo</Filter>
    </ClCompile>
    <ClCompile Include="Combo\ComboFrame.cpp">
      <Filter>Combo</Filter>
    </ClCompile>
    <ClCompile Include="Combo\ComboTableWidget.cpp">
      <Filter>Combo</Filter>
    </ClCompile>
    <ClCompile Include="Group\Group.cpp">
      <Filter>Group</Filter>
    </ClCompile>
    <ClCompile Include="Group\GroupList.cpp">
      <Filter>Group</Filter>
    </ClCompile>
    <ClCompile Include="Group\GroupDialog.cpp">
      <Filter>Group</Filter>
    </ClCompile>
    <ClCompile Include="Group\GroupListWidget.cpp">
      <Filter>Group</Filter>
    </ClCompile>
    <ClCompile Include="Group\GroupComboBox.cpp">
      <Filter>Group</Filter>
    </ClCompile>
    <ClCompile Include="MimeDataUtils.cpp" />
    <ClCompile Include="Backup\BackupManager.cpp">
      <Filter>Backup</Filter>
    </ClCompile>
    <ClCompile Include="Backup\BackupRestoreDialog.cpp">
      <Filter>Backup</Filter>
    </ClCompile>
    <ClCompile Include="Update\UpdateManager.cpp">
      <Filter>Update</Filter>
    </ClCompile>
    <ClCompile Include="Update\UpdateCheckWorker.cpp">
      <Filter>Update</Filter>
    </ClCompile>
    <ClCompile Include="ProcessListManager.cpp" />
    <ClCompile Include="Combo\ComboEditor.cpp">
      <Filter>Combo</Filter>
    </ClCompile>
    <ClCompile Include="I18nManager.cpp" />
    <ClCompile Include="Clipboard\ClipboardManagerDefault.cpp">
      <Filter>Clipboard</Filter>
    </ClCompile>
    <ClCompile Include="Clipboard\ClipboardManagerLegacy.cpp">
      <Filter>Clipboard</Filter>
    </ClCompile>
    <ClCompile Include="Clipboard\ClipboardManager.cpp">
      <Filter>Clipboard</Filter>
    </ClCompile>
    <ClCompile Include="Theme.cpp" />
    <ClCompile Include="Combo\MatchingMode.cpp">
      <Filter>Combo</Filter>
    </ClCompile>
    <ClCompile Include="WaveSound.cpp" />
    <ClCompile Include="Combo\CaseSensitivity.cpp">
      <Filter>Combo</Filter>
    </ClCompile>
    <ClCompile Include="Emoji\EmojiManager.cpp">
      <Filter>Emoji</Filter>
    </ClCompile>
    <ClCompile Include="Emoji\Emoji.cpp">
      <Filter>Emoji</Filter>
    </ClCompile>
    <ClCompile Include="Emoji\EmojiList.cpp">
      <Filter>Emoji</Filter>
    </ClCompile>
    <ClCompile Include="Picker\PickerItemDelegate.cpp">
      <Filter>Picker</Filter>
    </ClCompile>
    <ClCompile Include="Picker\PickerModel.cpp">
      <Filter>Picker</Filter>
    </ClCompile>
    <ClCompile Include="Picker\PickerSortFilterProxyModel.cpp">
      <Filter>Picker</Filter>
    </ClCompile>
    <ClCompile Include="Picker\PickerWindow.cpp">
      <Filter>Picker</Filter>
    </ClCompile>
    <ClCompile Include="Picker\PickerWindowMoverResizer.cpp">
      <Filter>Picker</Filter>
    </ClCompile>
    <ClCompile Include="LastUse\ComboLastUseFile.cpp">
      <Filter>LastUse</Filter>
    </ClCompile>
    <ClCompile Include="LastUse\EmojiLastUseFile.cpp">
      <Filter>LastUse</Filter>
    </ClCompile>
    <ClCompile Include="Preferences\PreferencesDialog.cpp">
      <Filter>Preferences</Filter>
    </ClCompile>
    <ClCompile Include="Preferences\PreferencesManager.cpp">
      <Filter>Preferences</Filter>
    </ClCompile>
    <ClCompile Include="Dialogs\AboutDialog.cpp">
      <Filter>Dialogs</Filter>
    </ClCompile>
    <ClCompile Include="Dialogs\ShortcutDialog.cpp">
      <Filter>Dialogs</Filter>
    </ClCompile>
    <ClCompile Include="Dialogs\VariableInputDialog.cpp">
      <Filter>Dialogs</Filter>
    </ClCompile>
    <ClCompile Include="Preferences\Panes\PrefPaneEmojis.cpp">
      <Filter>Preferences\Panes</Filter>
    </ClCompile>
    <ClCompile Include="Preferences\Panes\PrefPaneAppearance.cpp">
      <Filter>Preferences\Panes</Filter>
    </ClCompile>
    <ClCompile Include="Preferences\Panes\PrefPaneCombos.cpp">
      <Filter>Preferences\Panes</Filter>
    </ClCompile>
    <ClCompile Include="Preferences\Panes\PrefPaneBehavior.cpp">
      <Filter>Preferences\Panes</Filter>
    </ClCompile>
    <ClCompile Include="Preferences\Panes\PrefPaneAdvanced.cpp">
      <Filter>Preferences\Panes</Filter>
    </ClCompile>
    <ClCompile Include="Snippet\SnippetFragment.cpp">
      <Filter>Snippet</Filter>
    </ClCompile>
    <ClCompile Include="Snippet\TextSnippetFragment.cpp">
      <Filter>Snippet</Filter>
    </ClCompile>
    <ClCompile Include="Snippet\DelaySnippetFragment.cpp">
      <Filter>Snippet</Filter>
    </ClCompile>
    <ClCompile Include="Snippet\KeySnippetFragment.cpp">
      <Filter>Snippet</Filter>
    </ClCompile>
    <ClCompile Include="AutoStart.cpp" />
    <ClCompile Include="Snippet\ShortcutSnippetFragment.cpp">
      <Filter>Snippet</Filter>
    </ClCompile>
    <ClCompile Include="KeyboardMapper.cpp" />
  </ItemGroup>
  <ItemGroup>
    <ClInclude Include="stdafx.h" />
    <ClInclude Include="BeeftextConstants.h" />
    <ClInclude Include="BeeftextGlobals.h" />
    <ClInclude Include="BeeftextUtils.h" />
    <ClInclude Include="I18nManager.h" />
    <ClInclude Include="Shortcut.h" />
    <ClInclude Include="Combo\ComboVariable.h">
      <Filter>Combo</Filter>
    </ClInclude>
    <ClInclude Include="Group\Group.h">
      <Filter>Group</Filter>
    </ClInclude>
    <ClInclude Include="MimeDataUtils.h" />
    <ClInclude Include="Backup\BackupManager.h">
      <Filter>Backup</Filter>
    </ClInclude>
    <ClInclude Include="Combo\ComboKeywordValidator.h">
      <Filter>Combo</Filter>
    </ClInclude>
    <ClInclude Include="LatestVersionInfo.h" />
    <ClInclude Include="ProcessListManager.h" />
    <ClInclude Include="Theme.h" />
    <ClInclude Include="Combo\MatchingMode.h">
      <Filter>Combo</Filter>
    </ClInclude>
    <ClInclude Include="WaveSound.h" />
    <ClInclude Include="Combo\CaseSensitivity.h">
      <Filter>Combo</Filter>
    </ClInclude>
    <ClInclude Include="Emoji\EmojiManager.h">
      <Filter>Emoji</Filter>
    </ClInclude>
    <ClInclude Include="Emoji\Emoji.h">
      <Filter>Emoji</Filter>
    </ClInclude>
    <ClInclude Include="Emoji\EmojiList.h">
      <Filter>Emoji</Filter>
    </ClInclude>
    <ClInclude Include="Combo\Combo.h">
      <Filter>Combo</Filter>
    </ClInclude>
    <ClInclude Include="Picker\PickerSortFilterProxyModel.h">
      <Filter>Picker</Filter>
    </ClInclude>
    <ClInclude Include="Picker\PickerWindowMoverResizer.h">
      <Filter>Picker</Filter>
    </ClInclude>
    <ClInclude Include="LastUse\ComboLastUseFile.h">
      <Filter>LastUse</Filter>
    </ClInclude>
    <ClInclude Include="LastUse\EmojiLastUseFile.h">
      <Filter>LastUse</Filter>
    </ClInclude>
    <ClInclude Include="Snippet\SnippetFragment.h">
      <Filter>Snippet</Filter>
    </ClInclude>
    <ClInclude Include="Snippet\TextSnippetFragment.h">
      <Filter>Snippet</Filter>
    </ClInclude>
    <ClInclude Include="Snippet\DelaySnippetFragment.h">
      <Filter>Snippet</Filter>
    </ClInclude>
    <ClInclude Include="Snippet\KeySnippetFragment.h">
      <Filter>Snippet</Filter>
    </ClInclude>
    <ClInclude Include="AutoStart.h" />
    <ClInclude Include="Snippet\ShortcutSnippetFragment.h">
      <Filter>Snippet</Filter>
    </ClInclude>
    <ClInclude Include="KeyboardMapper.h" />
  </ItemGroup>
  <ItemGroup>
    <QtRcc Include="Beeftext.qrc">
      <Filter>Resource Files</Filter>
    </QtRcc>
    <QtUic Include="MainWindow.ui" />
    <QtMoc Include="MainWindow.h" />
    <QtMoc Include="InputManager.h" />
    <QtMoc Include="Combo\ComboManager.h">
      <Filter>Combo</Filter>
    </QtMoc>
    <QtMoc Include="Combo\ComboList.h">
      <Filter>Combo</Filter>
    </QtMoc>
    <QtUic Include="Combo\ComboDialog.ui">
      <Filter>Combo</Filter>
    </QtUic>
    <QtMoc Include="Combo\ComboDialog.h">
      <Filter>Combo</Filter>
    </QtMoc>
    <QtMoc Include="Combo\ComboSortFilterProxyModel.h">
      <Filter>Combo</Filter>
    </QtMoc>
    <QtMoc Include="Update\UpdateDialog.h">
      <Filter>Update</Filter>
    </QtMoc>
    <QtUic Include="Update\UpdateDialog.ui">
      <Filter>Update</Filter>
    </QtUic>
    <QtMoc Include="Combo\ComboImportDialog.h">
      <Filter>Combo</Filter>
    </QtMoc>
    <QtUic Include="Combo\ComboImportDialog.ui">
      <Filter>Combo</Filter>
    </QtUic>
    <QtMoc Include="Combo\ComboFrame.h">
      <Filter>Combo</Filter>
    </QtMoc>
    <QtUic Include="Combo\ComboFrame.ui">
      <Filter>Combo</Filter>
    </QtUic>
    <QtMoc Include="Combo\ComboTableWidget.h">
      <Filter>Combo</Filter>
    </QtMoc>
    <QtUic Include="Combo\ComboTableWidget.ui">
      <Filter>Combo</Filter>
    </QtUic>
    <QtMoc Include="Group\GroupList.h">
      <Filter>Group</Filter>
    </QtMoc>
    <QtMoc Include="Group\GroupDialog.h">
      <Filter>Group</Filter>
    </QtMoc>
    <QtUic Include="Group\GroupDialog.ui">
      <Filter>Group</Filter>
    </QtUic>
    <QtUic Include="Group\GroupListWidget.ui">
      <Filter>Group</Filter>
    </QtUic>
    <QtMoc Include="Group\GroupComboBox.h">
      <Filter>Group</Filter>
    </QtMoc>
    <QtUic Include="Backup\BackupRestoreDialog.ui">
      <Filter>Backup</Filter>
    </QtUic>
    <QtMoc Include="Backup\BackupRestoreDialog.h">
      <Filter>Backup</Filter>
    </QtMoc>
    <QtMoc Include="Group\GroupListWidget.h">
      <Filter>Group</Filter>
    </QtMoc>
  </ItemGroup>
  <ItemGroup>
    <ResourceCompile Include="Beeftext.rc">
      <Filter>Resource Files</Filter>
    </ResourceCompile>
  </ItemGroup>
  <ItemGroup>
    <None Include="Translations\beeftext_fr_FR.ts">
      <Filter>Translation Files</Filter>
    </None>
    <None Include="Translations\beeftext_ru_RU.ts">
      <Filter>Translation Files</Filter>
    </None>
    <None Include="Translations\beeftext_nl_NL.ts">
      <Filter>Translation Files</Filter>
    </None>
    <None Include="Translations\beeftext_it_IT.ts">
      <Filter>Translation Files</Filter>
    </None>
    <None Include="Translations\beeftext_de_DE.ts">
      <Filter>Translation Files</Filter>
    </None>
    <None Include="Translations\beeftext_pl_PL.ts">
      <Filter>Translation Files</Filter>
    </None>
    <None Include="Translations\beeftext_pt_PT.ts">
      <Filter>Translation Files</Filter>
    </None>
    <None Include="Resources\StyleCommon.qss">
      <Filter>Resource Files</Filter>
    </None>
    <None Include="Resources\StyleDark.qss">
      <Filter>Resource Files</Filter>
    </None>
    <None Include="Resources\StyleLight.qss">
      <Filter>Resource Files</Filter>
    </None>
    <None Include="Resources\StyleNoCustom.qss">
      <Filter>Resource Files</Filter>
    </None>
  </ItemGroup>
  <ItemGroup>
    <Image Include="Resources\BeeftextIcon.ico">
      <Filter>Resource Files</Filter>
    </Image>
  </ItemGroup>
  <ItemGroup>
    <QtMoc Include="Update\UpdateManager.h">
      <Filter>Update</Filter>
    </QtMoc>
    <QtMoc Include="Update\UpdateCheckWorker.h">
      <Filter>Update</Filter>
    </QtMoc>
    <QtMoc Include="Combo\ComboEditor.h">
      <Filter>Combo</Filter>
    </QtMoc>
    <QtMoc Include="Picker\PickerItemDelegate.h">
      <Filter>Picker</Filter>
    </QtMoc>
    <QtMoc Include="Picker\PickerModel.h">
      <Filter>Picker</Filter>
    </QtMoc>
    <QtMoc Include="Picker\PickerWindow.h">
      <Filter>Picker</Filter>
    </QtMoc>
    <QtMoc Include="Preferences\PreferencesDialog.h">
      <Filter>Preferences</Filter>
    </QtMoc>
    <QtMoc Include="Preferences\PreferencesManager.h">
      <Filter>Preferences</Filter>
    </QtMoc>
    <QtMoc Include="Dialogs\AboutDialog.h">
      <Filter>Dialogs</Filter>
    </QtMoc>
    <QtMoc Include="Dialogs\ShortcutDialog.h">
      <Filter>Dialogs</Filter>
    </QtMoc>
    <QtMoc Include="Dialogs\VariableInputDialog.h">
      <Filter>Dialogs</Filter>
    </QtMoc>
    <QtMoc Include="Preferences\Panes\PrefPaneEmojis.h">
      <Filter>Preferences\Panes</Filter>
    </QtMoc>
    <QtMoc Include="Preferences\Panes\PrefPane.h">
      <Filter>Preferences\Panes</Filter>
    </QtMoc>
    <QtMoc Include="Preferences\Panes\PrefPaneAppearance.h">
      <Filter>Preferences\Panes</Filter>
    </QtMoc>
    <QtMoc Include="Preferences\Panes\PrefPaneAdvanced.h">
      <Filter>Preferences\Panes</Filter>
    </QtMoc>
    <QtMoc Include="Preferences\Panes\PrefPaneBehavior.h">
      <Filter>Preferences\Panes</Filter>
    </QtMoc>
    <QtMoc Include="Preferences\Panes\PrefPaneCombos.h">
      <Filter>Preferences\Panes</Filter>
    </QtMoc>
    <QtMoc Include="Clipboard\ClipboardManagerDefault.h">
      <Filter>Clipboard</Filter>
    </QtMoc>
    <QtMoc Include="Clipboard\ClipboardManager.h">
      <Filter>Clipboard</Filter>
    </QtMoc>
    <QtMoc Include="Clipboard\ClipboardManagerLegacy.h">
      <Filter>Clipboard</Filter>
    </QtMoc>
  </ItemGroup>
  <ItemGroup>
    <QtUic Include="Picker\PickerWindow.ui">
      <Filter>Picker</Filter>
    </QtUic>
    <QtUic Include="Preferences\PreferencesDialog.ui">
      <Filter>Preferences</Filter>
    </QtUic>
    <QtUic Include="Dialogs\AboutDialog.ui">
      <Filter>Dialogs</Filter>
    </QtUic>
    <QtUic Include="Dialogs\ShortcutDialog.ui">
      <Filter>Dialogs</Filter>
    </QtUic>
    <QtUic Include="Preferences\Panes\PrefPaneEmojis.ui">
      <Filter>Preferences\Panes</Filter>
    </QtUic>
    <QtUic Include="Preferences\Panes\PrefPaneAppearance.ui">
      <Filter>Preferences\Panes</Filter>
    </QtUic>
    <QtUic Include="Preferences\Panes\PrefPaneCombos.ui">
      <Filter>Preferences\Panes</Filter>
    </QtUic>
    <QtUic Include="Preferences\Panes\PrefPaneBehavior.ui">
      <Filter>Preferences\Panes</Filter>
    </QtUic>
    <QtUic Include="Preferences\Panes\PrefPaneAdvanced.ui">
      <Filter>Preferences\Panes</Filter>
    </QtUic>
  </ItemGroup>
  <ItemGroup>
    <QtTranslation Include="Translations\beeftext_zh_TW.ts">
      <Filter>Translation Files</Filter>
    </QtTranslation>
    <QtTranslation Include="Translations\beeftext_zh_CN.ts">
      <Filter>Translation Files</Filter>
    </QtTranslation>
    <QtTranslation Include="Translations\beeftext_es_ES.ts">
      <Filter>Translation Files</Filter>
    </QtTranslation>
  </ItemGroup>
</Project>