<?xml version="1.0" encoding="utf-8"?>
<Project ToolsVersion="4.0" xmlns="http://schemas.microsoft.com/developer/msbuild/2003">
  <ItemGroup>
    <Filter Include="Resource Files">
      <UniqueIdentifier>{D9D6E242-F8AF-46E4-B9FD-80ECBC20BA3E}</UniqueIdentifier>
      <Extensions>qrc;*</Extensions>
      <ParseFiles>false</ParseFiles>
    </Filter>
    <Filter Include="Resource Files">
      <UniqueIdentifier>{D9D6E242-F8AF-46E4-B9FD-80ECBC20BA3E}</UniqueIdentifier>
      <Extensions>qrc;*</Extensions>
      <ParseFiles>false</ParseFiles>
    </Filter>
    <Filter Include="Generated Files">
      <UniqueIdentifier>{71ED8ED8-ACB9-4CE9-BBE1-E00B30144E11}</UniqueIdentifier>
      <Extensions>moc;h;cpp</Extensions>
      <SourceControlFiles>False</SourceControlFiles>
    </Filter>
    <Filter Include="Combo">
      <UniqueIdentifier>{ff7ca901-94f9-4a2f-95e9-cd3694d1306b}</UniqueIdentifier>
    </Filter>
    <Filter Include="Update">
      <UniqueIdentifier>{e6738d10-39d8-4924-972b-d553bd9fac42}</UniqueIdentifier>
    </Filter>
    <Filter Include="Translation Files">
      <UniqueIdentifier>{639EADAA-A684-42e4-A9AD-28FC9BCB8F7C}</UniqueIdentifier>
      <Extensions>ts</Extensions>
      <ParseFiles>false</ParseFiles>
    </Filter>
    <Filter Include="Group">
      <UniqueIdentifier>{22e92035-dcca-49b6-bd93-f8de9411a7e7}</UniqueIdentifier>
    </Filter>
    <Filter Include="Backup">
      <UniqueIdentifier>{c61e6d78-c214-49e9-9722-51e8f91c7da4}</UniqueIdentifier>
    </Filter>
    <Filter Include="Clipboard">
      <UniqueIdentifier>{f4e85ad1-7009-4c18-96da-5794e584c2c8}</UniqueIdentifier>
    </Filter>
    <Filter Include="Emoji">
      <UniqueIdentifier>{8b4ee234-8d04-4c22-a956-62adc6065b2f}</UniqueIdentifier>
    </Filter>
    <Filter Include="Picker">
      <UniqueIdentifier>{d6d6e76a-1ae3-4bed-bca2-4eff6e6f20fe}</UniqueIdentifier>
    </Filter>
    <Filter Include="LastUse">
      <UniqueIdentifier>{d7a38f0a-9561-4551-bf52-f571939cabea}</UniqueIdentifier>
    </Filter>
  </ItemGroup>
  <ItemGroup>
    <ClCompile Include="stdafx.cpp" />
    <ClCompile Include="main.cpp" />
    <ClCompile Include="MainWindow.cpp" />
    <ClCompile Include="BeeftextConstants.cpp" />
    <ClCompile Include="BeeftextGlobals.cpp" />
    <ClCompile Include="Combo\Combo.cpp">
      <Filter>Combo</Filter>
    </ClCompile>
    <ClCompile Include="Combo\ComboList.cpp">
      <Filter>Combo</Filter>
    </ClCompile>
    <ClCompile Include="Combo\ComboManager.cpp">
      <Filter>Combo</Filter>
    </ClCompile>
    <ClCompile Include="Combo\ComboDialog.cpp">
      <Filter>Combo</Filter>
    </ClCompile>
    <ClCompile Include="Combo\ComboSortFilterProxyModel.cpp">
      <Filter>Combo</Filter>
    </ClCompile>
    <ClCompile Include="PreferencesManager.cpp" />
    <ClCompile Include="BeeftextUtils.cpp" />
    <ClCompile Include="LatestVersionInfo.cpp" />
    <ClCompile Include="Update\UpdateDialog.cpp">
      <Filter>Update</Filter>
    </ClCompile>
    <ClCompile Include="InputManager.cpp" />
    <ClCompile Include="ShortcutDialog.cpp" />
    <ClCompile Include="Shortcut.cpp" />
    <ClCompile Include="Combo\ComboVariable.cpp">
      <Filter>Combo</Filter>
    </ClCompile>
    <ClCompile Include="Combo\ComboImportDialog.cpp">
      <Filter>Combo</Filter>
    </ClCompile>
    <ClCompile Include="Combo\ComboKeywordValidator.cpp">
      <Filter>Combo</Filter>
    </ClCompile>
    <ClCompile Include="Combo\ComboFrame.cpp">
      <Filter>Combo</Filter>
    </ClCompile>
    <ClCompile Include="Combo\ComboTableWidget.cpp">
      <Filter>Combo</Filter>
    </ClCompile>
    <ClCompile Include="Group\Group.cpp">
      <Filter>Group</Filter>
    </ClCompile>
    <ClCompile Include="Group\GroupList.cpp">
      <Filter>Group</Filter>
    </ClCompile>
    <ClCompile Include="Group\GroupDialog.cpp">
      <Filter>Group</Filter>
    </ClCompile>
    <ClCompile Include="Group\GroupListWidget.cpp">
      <Filter>Group</Filter>
    </ClCompile>
    <ClCompile Include="Group\GroupComboBox.cpp">
      <Filter>Group</Filter>
    </ClCompile>
    <ClCompile Include="MimeDataUtils.cpp" />
    <ClCompile Include="Backup\BackupManager.cpp">
      <Filter>Backup</Filter>
    </ClCompile>
    <ClCompile Include="Backup\BackupRestoreDialog.cpp">
      <Filter>Backup</Filter>
    </ClCompile>
    <ClCompile Include="AboutDialog.cpp" />
    <ClCompile Include="Update\UpdateManager.cpp">
      <Filter>Update</Filter>
    </ClCompile>
    <ClCompile Include="Update\UpdateCheckWorker.cpp">
      <Filter>Update</Filter>
    </ClCompile>
    <ClCompile Include="SensitiveApplicationManager.cpp" />
    <ClCompile Include="VariableInputDialog.cpp" />
    <ClCompile Include="PreferencesDialog.cpp" />
    <ClCompile Include="Combo\ComboEditor.cpp">
      <Filter>Combo</Filter>
    </ClCompile>
    <ClCompile Include="I18nManager.cpp" />
    <ClCompile Include="Clipboard\ClipboardManagerDefault.cpp">
      <Filter>Clipboard</Filter>
    </ClCompile>
    <ClCompile Include="Clipboard\ClipboardManagerLegacy.cpp">
      <Filter>Clipboard</Filter>
    </ClCompile>
    <ClCompile Include="Clipboard\ClipboardManager.cpp">
      <Filter>Clipboard</Filter>
    </ClCompile>
    <ClCompile Include="Theme.cpp" />
    <ClCompile Include="Combo\MatchingMode.cpp">
      <Filter>Combo</Filter>
    </ClCompile>
    <ClCompile Include="WaveSound.cpp" />
    <ClCompile Include="Combo\CaseSensitivity.cpp">
      <Filter>Combo</Filter>
    </ClCompile>
    <ClCompile Include="Emoji\EmojiManager.cpp">
      <Filter>Emoji</Filter>
    </ClCompile>
    <ClCompile Include="Emoji\Emoji.cpp">
      <Filter>Emoji</Filter>
    </ClCompile>
    <ClCompile Include="Emoji\EmojiList.cpp">
      <Filter>Emoji</Filter>
    </ClCompile>
    <ClCompile Include="Picker\PickerItemDelegate.cpp">
      <Filter>Picker</Filter>
    </ClCompile>
    <ClCompile Include="Picker\PickerModel.cpp">
      <Filter>Picker</Filter>
    </ClCompile>
    <ClCompile Include="Picker\PickerSortFilterProxyModel.cpp">
      <Filter>Picker</Filter>
    </ClCompile>
    <ClCompile Include="Picker\PickerWindow.cpp">
      <Filter>Picker</Filter>
    </ClCompile>
    <ClCompile Include="Picker\PickerWindowMoverResizer.cpp">
      <Filter>Picker</Filter>
    </ClCompile>
    <ClCompile Include="LastUse\ComboLastUseFile.cpp">
      <Filter>LastUse</Filter>
    </ClCompile>
    <ClCompile Include="LastUse\EmojiLastUseFile.cpp">
      <Filter>LastUse</Filter>
    </ClCompile>
  </ItemGroup>
  <ItemGroup>
    <ClInclude Include="GeneratedFiles\ui_MainWindow.h">
      <Filter>Generated Files</Filter>
    </ClInclude>
    <ClInclude Include="stdafx.h" />
    <ClInclude Include="BeeftextConstants.h" />
    <ClInclude Include="BeeftextGlobals.h" />
    <ClInclude Include="GeneratedFiles\ui_ComboDialog.h">
      <Filter>Generated Files</Filter>
    </ClInclude>
    <ClInclude Include="BeeftextUtils.h" />
    <ClInclude Include="GeneratedFiles\ui_UpdateDialog.h">
      <Filter>Generated Files</Filter>
    </ClInclude>
    <ClInclude Include="I18nManager.h" />
    <ClInclude Include="GeneratedFiles\ui_ShortcutDialog.h">
      <Filter>Generated Files</Filter>
    </ClInclude>
    <ClInclude Include="Shortcut.h" />
    <ClInclude Include="Combo\ComboVariable.h">
      <Filter>Combo</Filter>
    </ClInclude>
    <ClInclude Include="GeneratedFiles\ui_ComboImportDialog.h">
      <Filter>Generated Files</Filter>
    </ClInclude>
    <ClInclude Include="GeneratedFiles\ui_ComboFrame.h">
      <Filter>Generated Files</Filter>
    </ClInclude>
    <ClInclude Include="GeneratedFiles\ui_ComboTableWidget.h">
      <Filter>Generated Files</Filter>
    </ClInclude>
    <ClInclude Include="Group\Group.h">
      <Filter>Group</Filter>
    </ClInclude>
    <ClInclude Include="GeneratedFiles\ui_GroupDialog.h">
      <Filter>Generated Files</Filter>
    </ClInclude>
    <ClInclude Include="GeneratedFiles\ui_GroupListWidget.h">
      <Filter>Generated Files</Filter>
    </ClInclude>
    <ClInclude Include="MimeDataUtils.h" />
    <ClInclude Include="Backup\BackupManager.h">
      <Filter>Backup</Filter>
    </ClInclude>
    <ClInclude Include="GeneratedFiles\ui_BackupRestoreDialog.h">
      <Filter>Generated Files</Filter>
    </ClInclude>
    <ClInclude Include="GeneratedFiles\ui_AboutDialog.h">
      <Filter>Generated Files</Filter>
    </ClInclude>
    <ClInclude Include="GeneratedFiles\ui_PreferencesDialog.h">
      <Filter>Generated Files</Filter>
    </ClInclude>
    <ClInclude Include="Combo\ComboKeywordValidator.h">
      <Filter>Combo</Filter>
    </ClInclude>
    <ClInclude Include="LatestVersionInfo.h" />
    <ClInclude Include="SensitiveApplicationManager.h" />
    <ClInclude Include="Clipboard\ClipboardManagerDefault.h">
      <Filter>Clipboard</Filter>
    </ClInclude>
    <ClInclude Include="Clipboard\ClipboardManager.h">
      <Filter>Clipboard</Filter>
    </ClInclude>
    <ClInclude Include="Clipboard\ClipboardManagerLegacy.h">
      <Filter>Clipboard</Filter>
    </ClInclude>
    <ClInclude Include="Theme.h" />
    <ClInclude Include="Combo\MatchingMode.h">
      <Filter>Combo</Filter>
    </ClInclude>
    <ClInclude Include="WaveSound.h" />
    <ClInclude Include="Combo\CaseSensitivity.h">
      <Filter>Combo</Filter>
    </ClInclude>
    <ClInclude Include="Emoji\EmojiManager.h">
      <Filter>Emoji</Filter>
    </ClInclude>
    <ClInclude Include="Emoji\Emoji.h">
      <Filter>Emoji</Filter>
    </ClInclude>
    <ClInclude Include="Emoji\EmojiList.h">
      <Filter>Emoji</Filter>
    </ClInclude>
    <ClInclude Include="Combo\Combo.h">
      <Filter>Combo</Filter>
    </ClInclude>
    <ClInclude Include="Picker\PickerSortFilterProxyModel.h">
      <Filter>Picker</Filter>
    </ClInclude>
    <ClInclude Include="Picker\PickerWindowMoverResizer.h">
      <Filter>Picker</Filter>
    </ClInclude>
    <ClInclude Include="LastUse\ComboLastUseFile.h">
      <Filter>LastUse</Filter>
    </ClInclude>
    <ClInclude Include="LastUse\EmojiLastUseFile.h">
      <Filter>LastUse</Filter>
    </ClInclude>
  </ItemGroup>
  <ItemGroup>
    <QtRcc Include="Beeftext.qrc">
      <Filter>Resource Files</Filter>
    </QtRcc>
    <QtUic Include="MainWindow.ui" />
    <QtMoc Include="MainWindow.h" />
    <QtMoc Include="InputManager.h" />
    <QtMoc Include="Combo\ComboManager.h">
      <Filter>Combo</Filter>
    </QtMoc>
    <QtMoc Include="Combo\ComboList.h">
      <Filter>Combo</Filter>
    </QtMoc>
    <QtUic Include="Combo\ComboDialog.ui">
      <Filter>Combo</Filter>
    </QtUic>
    <QtMoc Include="Combo\ComboDialog.h">
      <Filter>Combo</Filter>
    </QtMoc>
    <QtMoc Include="Combo\ComboSortFilterProxyModel.h">
      <Filter>Combo</Filter>
    </QtMoc>
    <QtMoc Include="Update\UpdateDialog.h">
      <Filter>Update</Filter>
    </QtMoc>
    <QtUic Include="Update\UpdateDialog.ui">
      <Filter>Update</Filter>
    </QtUic>
    <QtMoc Include="PreferencesManager.h" />
    <QtUic Include="ShortcutDialog.ui" />
    <QtMoc Include="ShortcutDialog.h" />
    <QtMoc Include="Combo\ComboImportDialog.h">
      <Filter>Combo</Filter>
    </QtMoc>
    <QtUic Include="Combo\ComboImportDialog.ui">
      <Filter>Combo</Filter>
    </QtUic>
    <QtMoc Include="Combo\ComboFrame.h">
      <Filter>Combo</Filter>
    </QtMoc>
    <QtUic Include="Combo\ComboFrame.ui">
      <Filter>Combo</Filter>
    </QtUic>
    <QtMoc Include="Combo\ComboTableWidget.h">
      <Filter>Combo</Filter>
    </QtMoc>
    <QtUic Include="Combo\ComboTableWidget.ui">
      <Filter>Combo</Filter>
    </QtUic>
    <QtMoc Include="Group\GroupList.h">
      <Filter>Group</Filter>
    </QtMoc>
    <QtMoc Include="Group\GroupDialog.h">
      <Filter>Group</Filter>
    </QtMoc>
    <QtUic Include="Group\GroupDialog.ui">
      <Filter>Group</Filter>
    </QtUic>
    <QtUic Include="Group\GroupListWidget.ui">
      <Filter>Group</Filter>
    </QtUic>
    <QtMoc Include="Group\GroupComboBox.h">
      <Filter>Group</Filter>
    </QtMoc>
    <QtUic Include="Backup\BackupRestoreDialog.ui">
      <Filter>Backup</Filter>
    </QtUic>
    <QtMoc Include="Backup\BackupRestoreDialog.h">
      <Filter>Backup</Filter>
    </QtMoc>
    <QtMoc Include="Group\GroupListWidget.h">
      <Filter>Group</Filter>
    </QtMoc>
    <QtUic Include="AboutDialog.ui" />
    <QtMoc Include="AboutDialog.h" />
    <QtMoc Include="PreferencesDialog.h" />
    <QtUic Include="PreferencesDialog.ui" />
  </ItemGroup>
  <ItemGroup>
    <ResourceCompile Include="Beeftext.rc">
      <Filter>Resource Files</Filter>
    </ResourceCompile>
  </ItemGroup>
  <ItemGroup>
    <None Include="Translations\beeftext_fr.ts">
      <Filter>Translation Files</Filter>
    </None>
    <None Include="Translations\beeftext_ru.ts">
      <Filter>Translation Files</Filter>
    </None>
    <None Include="Translations\beeftext_nl.ts">
      <Filter>Translation Files</Filter>
    </None>
    <None Include="Translations\beeftext_it.ts">
      <Filter>Translation Files</Filter>
    </None>
    <None Include="Translations\beeftext_de.ts">
      <Filter>Translation Files</Filter>
    </None>
    <None Include="Translations\beeftext_pl.ts">
      <Filter>Translation Files</Filter>
    </None>
    <None Include="Translations\beeftext_pt.ts">
      <Filter>Translation Files</Filter>
    </None>
    <None Include="Translations\beeftext_es.ts">
      <Filter>Translation Files</Filter>
    </None>
    <None Include="Resources\StyleCommon.qss">
      <Filter>Resource Files</Filter>
    </None>
    <None Include="Resources\StyleDark.qss">
      <Filter>Resource Files</Filter>
    </None>
    <None Include="Resources\StyleLight.qss">
      <Filter>Resource Files</Filter>
    </None>
  </ItemGroup>
  <ItemGroup>
    <Image Include="Resources\BeeftextIcon.ico">
      <Filter>Resource Files</Filter>
    </Image>
  </ItemGroup>
  <ItemGroup>
    <QtMoc Include="Update\UpdateManager.h">
      <Filter>Update</Filter>
    </QtMoc>
    <QtMoc Include="Update\UpdateCheckWorker.h">
      <Filter>Update</Filter>
    </QtMoc>
    <QtMoc Include="VariableInputDialog.h" />
    <QtMoc Include="Combo\ComboEditor.h">
      <Filter>Combo</Filter>
    </QtMoc>
    <QtMoc Include="Picker\PickerItemDelegate.h">
      <Filter>Picker</Filter>
    </QtMoc>
    <QtMoc Include="Picker\PickerModel.h">
      <Filter>Picker</Filter>
    </QtMoc>
    <QtMoc Include="Picker\PickerWindow.h">
      <Filter>Picker</Filter>
    </QtMoc>
  </ItemGroup>
  <ItemGroup>
    <QtUic Include="Combo\ComboEditor.ui">
      <Filter>Combo</Filter>
    </QtUic>
    <QtUic Include="Picker\PickerWindow.ui">
      <Filter>Picker</Filter>
    </QtUic>
  </ItemGroup>
</Project>